
Microsoft Visual Studio Solution File, Format Version 12.00
# Visual Studio 14
VisualStudioVersion = 14.0.24720.0
MinimumVisualStudioVersion = 10.0.40219.1
Project("{FAE04EC0-301F-11D3-BF4B-00C04F79EFBC}") = "QuanLyKSPM", "QuanLyKSPM\QuanLyKSPM.csproj", "{EADBF2AF-A784-4C8A-80B0-11B51AD093B0}"
EndProject
Global
	GlobalSection(SolutionConfigurationPlatforms) = preSolution
		Debug|Any CPU = Debug|Any CPU
		Release|Any CPU = Release|Any CPU
	EndGlobalSection
	GlobalSection(ProjectConfigurationPlatforms) = postSolution
		{EADBF2AF-A784-4C8A-80B0-11B51AD093B0}.Debug|Any CPU.ActiveCfg = Debug|Any CPU
		{EADBF2AF-A784-4C8A-80B0-11B51AD093B0}.Debug|Any CPU.Build.0 = Debug|Any CPU
		{EADBF2AF-A784-4C8A-80B0-11B51AD093B0}.Release|Any CPU.ActiveCfg = Release|Any CPU
		{EADBF2AF-A784-4C8A-80B0-11B51AD093B0}.Release|Any CPU.Build.0 = Release|Any CPU
	EndGlobalSection
	GlobalSection(SolutionProperties) = preSolution
		HideSolutionNode = FALSE
	EndGlobalSection
EndGlobal
